
Microsoft Visual Studio Solution File, Format Version 12.00
# Visual Studio 15
VisualStudioVersion = 15.0.26403.0
MinimumVisualStudioVersion = 10.0.40219.1
Project("{FAE04EC0-301F-11D3-BF4B-00C04F79EFBC}") = "WebApiProveedor", "WebApiProveedor\WebApiProveedor.csproj", "{5D8F8D17-30EC-4CC0-B373-7A7D9B4A8807}"
EndProject
Global
	GlobalSection(SolutionConfigurationPlatforms) = preSolution
		Debug|Any CPU = Debug|Any CPU
		Release|Any CPU = Release|Any CPU
	EndGlobalSection
	GlobalSection(ProjectConfigurationPlatforms) = postSolution
		{5D8F8D17-30EC-4CC0-B373-7A7D9B4A8807}.Debug|Any CPU.ActiveCfg = Debug|Any CPU
		{5D8F8D17-30EC-4CC0-B373-7A7D9B4A8807}.Debug|Any CPU.Build.0 = Debug|Any CPU
		{5D8F8D17-30EC-4CC0-B373-7A7D9B4A8807}.Release|Any CPU.ActiveCfg = Release|Any CPU
		{5D8F8D17-30EC-4CC0-B373-7A7D9B4A8807}.Release|Any CPU.Build.0 = Release|Any CPU
	EndGlobalSection
	GlobalSection(SolutionProperties) = preSolution
		HideSolutionNode = FALSE
	EndGlobalSection
	GlobalSection(TeamFoundationVersionControl) = preSolution
		SccNumberOfProjects = 2
		SccEnterpriseProvider = {4CA58AB2-18FA-4F8D-95D4-32DDF27D184C}
		SccTeamFoundationServer = https://bstan.visualstudio.com/
		SccLocalPath0 = .
		SccProjectUniqueName1 = WebApiProveedor\\WebApiProveedor.csproj
		SccProjectName1 = WebApiProveedor
		SccLocalPath1 = WebApiProveedor
	EndGlobalSection
EndGlobal
